
Microsoft Visual Studio Solution File, Format Version 12.00
# Visual Studio 2010
Project("{FAE04EC0-301F-11D3-BF4B-00C04F79EFBC}") = "GTS.Clock.Infrastructure.Repository", "GTS.Clock.Infrastructure.Repository\GTS.Clock.Infrastructure.Repository.csproj", "{722B8A8A-D626-446B-850D-CE8BCDE316F7}"
EndProject
Project("{FAE04EC0-301F-11D3-BF4B-00C04F79EFBC}") = "GTS.Clock.AppService.Host", "GTS.Clock.AppService.Host\GTS.Clock.AppService.Host.csproj", "{27EB3AF5-934D-4BE1-8948-652DA0616E96}"
EndProject
Project("{FAE04EC0-301F-11D3-BF4B-00C04F79EFBC}") = "GTS.Clock.Infrastructure", "GTS.Clock.Infrastructure\GTS.Clock.Infrastructure.csproj", "{E9FCEAE6-0FBD-4996-9CD1-ED5F7FB308D6}"
EndProject
Project("{FAE04EC0-301F-11D3-BF4B-00C04F79EFBC}") = "GTS.Clock.Business.TrafficMapping", "GTS.Clock.Business.TrafficMapping\GTS.Clock.Business.TrafficMapping.csproj", "{0860B357-7363-41A5-AB98-AEEBE41AE767}"
EndProject
Project("{FAE04EC0-301F-11D3-BF4B-00C04F79EFBC}") = "GTS.Clock.Business.Engine", "GTS.Clock.Business.Engine\GTS.Clock.Business.Engine.csproj", "{5CC17914-08CB-4150-BDAF-DE201BBE7250}"
EndProject
Project("{FAE04EC0-301F-11D3-BF4B-00C04F79EFBC}") = "GTS.Clock.Infrastructure.Report", "GTS.Clock.Infrastructure.Report\GTS.Clock.Infrastructure.Report.csproj", "{CAE4CD8E-B025-4587-AACC-910ADB8E07E4}"
EndProject
Project("{FAE04EC0-301F-11D3-BF4B-00C04F79EFBC}") = "GTS.Clock.Business.UIValidation", "GTS.Clock.Business.UIValidation\GTS.Clock.Business.UIValidation.csproj", "{7F1359C5-4E5B-4D1C-8933-37412ACEC213}"
EndProject
Project("{FAE04EC0-301F-11D3-BF4B-00C04F79EFBC}") = "GTS.Clock.Model", "GTS.Clock.Model\GTS.Clock.Model.csproj", "{1BFA345B-4FB1-4618-9BF3-6BD1C5B1BBB6}"
EndProject
Project("{FAE04EC0-301F-11D3-BF4B-00C04F79EFBC}") = "GTS.Clock.Business.FeatureServices", "GTS.Clock.Business.FeatureServices\GTS.Clock.Business.FeatureServices.csproj", "{F6DF85E7-0768-4855-B37D-2C35CA02B04A}"
EndProject
Project("{FAE04EC0-301F-11D3-BF4B-00C04F79EFBC}") = "TestWebApplication", "TestWebApplication\TestWebApplication.csproj", "{0F6BBAA2-06C1-48AA-B09E-177355A9B93C}"
	ProjectSection(ProjectDependencies) = postProject
		{27EB3AF5-934D-4BE1-8948-652DA0616E96} = {27EB3AF5-934D-4BE1-8948-652DA0616E96}
	EndProjectSection
EndProject
Project("{FAE04EC0-301F-11D3-BF4B-00C04F79EFBC}") = "GTS.Clock.LisenceManager", "GTS.Clock.LisenceManager\GTS.Clock.LisenceManager.csproj", "{EDD10FDC-EB5E-4B6B-98E3-5F2EC5CD7EF7}"
EndProject
Project("{FAE04EC0-301F-11D3-BF4B-00C04F79EFBC}") = "GTS.Clock.Business.GeneralCalculator", "GTS.Clock.Business.GeneralCalculator\GTS.Clock.Business.GeneralCalculator.csproj", "{E840E58D-ECBD-40DC-920A-49C3D2DF4ACD}"
EndProject
Project("{FAE04EC0-301F-11D3-BF4B-00C04F79EFBC}") = "GTS.Clock.ELESchedulerWinService", "GTS.Clock.Business.EngineSchedulerWinService\GTS.Clock.ELESchedulerWinService.csproj", "{71CDA2EB-DDD8-4AA2-B174-190DA32DC2CB}"
EndProject
Project("{FAE04EC0-301F-11D3-BF4B-00C04F79EFBC}") = "GTS.BaseBusiness", "GTS.BaseBusiness\GTS.BaseBusiness.csproj", "{A2896779-E83E-4B5D-B3D9-0BC5C3BD320C}"
EndProject
Project("{FAE04EC0-301F-11D3-BF4B-00C04F79EFBC}") = "GTS.Clock.RuleDesigner.UI.Web", "GTS.Clock.RuleDesigner.UI.Web\GTS.Clock.RuleDesigner.UI.Web.csproj", "{1ED33598-A177-4F6F-997A-A3ECFEC34A65}"
EndProject
Project("{FAE04EC0-301F-11D3-BF4B-00C04F79EFBC}") = "GTS.Clock.Business.Calculator", "GTS.Clock.Business.Calculator\FanavaranParsian\GTS.Clock.Business.Calculator.csproj", "{3E1B6E14-CE6B-40B7-9132-EDF3186787FA}"
EndProject
Global
	GlobalSection(TeamFoundationVersionControl) = preSolution
		SccNumberOfProjects = 16
		SccEnterpriseProvider = {4CA58AB2-18FA-4F8D-95D4-32DDF27D184C}
		SccTeamFoundationServer = http://tfs12:8080/tfs/gtscollection
		SccProjectUniqueName0 = GTS.Clock.Infrastructure.Repository\\GTS.Clock.Infrastructure.Repository.csproj
		SccProjectName0 = GTS.Clock.Infrastructure.Repository
		SccAuxPath0 = http://tfs12:8080/tfs/gtscollection
		SccLocalPath0 = GTS.Clock.Infrastructure.Repository
		SccProvider0 = {4CA58AB2-18FA-4F8D-95D4-32DDF27D184C}
		SccProjectUniqueName1 = GTS.Clock.AppService.Host\\GTS.Clock.AppService.Host.csproj
		SccProjectName1 = GTS.Clock.AppService.Host
		SccAuxPath1 = http://tfs12:8080/tfs/gtscollection
		SccLocalPath1 = GTS.Clock.AppService.Host
		SccProvider1 = {4CA58AB2-18FA-4F8D-95D4-32DDF27D184C}
		SccProjectUniqueName2 = GTS.Clock.Infrastructure\\GTS.Clock.Infrastructure.csproj
		SccProjectName2 = GTS.Clock.Infrastructure
		SccAuxPath2 = http://tfs12:8080/tfs/gtscollection
		SccLocalPath2 = GTS.Clock.Infrastructure
		SccProvider2 = {4CA58AB2-18FA-4F8D-95D4-32DDF27D184C}
		SccProjectUniqueName3 = GTS.Clock.Business.TrafficMapping\\GTS.Clock.Business.TrafficMapping.csproj
		SccProjectName3 = GTS.Clock.Business.TrafficMapping
		SccAuxPath3 = http://tfs12:8080/tfs/gtscollection
		SccLocalPath3 = GTS.Clock.Business.TrafficMapping
		SccProvider3 = {4CA58AB2-18FA-4F8D-95D4-32DDF27D184C}
		SccProjectUniqueName4 = GTS.Clock.Business.Engine\\GTS.Clock.Business.Engine.csproj
		SccProjectName4 = GTS.Clock.Business.Engine
		SccAuxPath4 = http://tfs12:8080/tfs/gtscollection
		SccLocalPath4 = GTS.Clock.Business.Engine
		SccProvider4 = {4CA58AB2-18FA-4F8D-95D4-32DDF27D184C}
		SccProjectUniqueName5 = GTS.Clock.Infrastructure.Report\\GTS.Clock.Infrastructure.Report.csproj
		SccProjectName5 = GTS.Clock.Infrastructure.Report
		SccAuxPath5 = http://tfs12:8080/tfs/gtscollection
		SccLocalPath5 = GTS.Clock.Infrastructure.Report
		SccProvider5 = {4CA58AB2-18FA-4F8D-95D4-32DDF27D184C}
		SccProjectUniqueName6 = GTS.Clock.Business.UIValidation\\GTS.Clock.Business.UIValidation.csproj
		SccProjectName6 = GTS.Clock.Business.UIValidation
		SccAuxPath6 = http://tfs12:8080/tfs/gtscollection
		SccLocalPath6 = GTS.Clock.Business.UIValidation
		SccProvider6 = {4CA58AB2-18FA-4F8D-95D4-32DDF27D184C}
		SccProjectUniqueName7 = GTS.Clock.Model\\GTS.Clock.Model.csproj
		SccProjectName7 = GTS.Clock.Model
		SccAuxPath7 = http://tfs12:8080/tfs/gtscollection
		SccLocalPath7 = GTS.Clock.Model
		SccProvider7 = {4CA58AB2-18FA-4F8D-95D4-32DDF27D184C}
		SccProjectUniqueName8 = GTS.Clock.Business.FeatureServices\\GTS.Clock.Business.FeatureServices.csproj
		SccProjectName8 = GTS.Clock.Business.FeatureServices
		SccAuxPath8 = http://tfs12:8080/tfs/gtscollection
		SccLocalPath8 = GTS.Clock.Business.FeatureServices
		SccProvider8 = {4CA58AB2-18FA-4F8D-95D4-32DDF27D184C}
		SccProjectUniqueName9 = TestWebApplication\\TestWebApplication.csproj
		SccProjectName9 = TestWebApplication
		SccAuxPath9 = http://tfs12:8080/tfs/gtscollection
		SccLocalPath9 = TestWebApplication
		SccProvider9 = {4CA58AB2-18FA-4F8D-95D4-32DDF27D184C}
		SccProjectUniqueName10 = GTS.Clock.LisenceManager\\GTS.Clock.LisenceManager.csproj
		SccProjectName10 = GTS.Clock.LisenceManager
		SccAuxPath10 = http://tfs12:8080/tfs/gtscollection
		SccLocalPath10 = GTS.Clock.LisenceManager
		SccProvider10 = {4CA58AB2-18FA-4F8D-95D4-32DDF27D184C}
		SccProjectUniqueName11 = GTS.Clock.Business.GeneralCalculator\\GTS.Clock.Business.GeneralCalculator.csproj
		SccProjectName11 = GTS.Clock.Business.GeneralCalculator
		SccAuxPath11 = http://tfs12:8080/tfs/gtscollection
		SccLocalPath11 = GTS.Clock.Business.GeneralCalculator
		SccProvider11 = {4CA58AB2-18FA-4F8D-95D4-32DDF27D184C}
		SccProjectUniqueName12 = GTS.Clock.Business.EngineSchedulerWinService\\GTS.Clock.ELESchedulerWinService.csproj
		SccProjectName12 = GTS.Clock.Business.EngineSchedulerWinService
		SccAuxPath12 = http://tfs12:8080/tfs/gtscollection
		SccLocalPath12 = GTS.Clock.Business.EngineSchedulerWinService
		SccProvider12 = {4CA58AB2-18FA-4F8D-95D4-32DDF27D184C}
		SccProjectUniqueName13 = GTS.BaseBusiness\\GTS.BaseBusiness.csproj
		SccProjectName13 = GTS.BaseBusiness
		SccAuxPath13 = http://tfs12:8080/tfs/gtscollection
		SccLocalPath13 = GTS.BaseBusiness
		SccProvider13 = {4CA58AB2-18FA-4F8D-95D4-32DDF27D184C}
		SccProjectUniqueName14 = GTS.Clock.RuleDesigner.UI.Web\\GTS.Clock.RuleDesigner.UI.Web.csproj
		SccProjectName14 = GTS.Clock.RuleDesigner.UI.Web
		SccAuxPath14 = http://tfs12:8080/tfs/gtscollection
		SccLocalPath14 = GTS.Clock.RuleDesigner.UI.Web
		SccProvider14 = {4CA58AB2-18FA-4F8D-95D4-32DDF27D184C}
		SccProjectUniqueName15 = GTS.Clock.Business.Calculator\\FanavaranParsian\\GTS.Clock.Business.Calculator.csproj
		SccProjectName15 = GTS.Clock.Business.Calculator/FanavaranParsian
		SccAuxPath15 = http://tfs12:8080/tfs/gtscollection
		SccLocalPath15 = GTS.Clock.Business.Calculator\\FanavaranParsian
		SccProvider15 = {4CA58AB2-18FA-4F8D-95D4-32DDF27D184C}
	EndGlobalSection
	GlobalSection(SolutionConfigurationPlatforms) = preSolution
		Debug|Any CPU = Debug|Any CPU
		Debug|Mixed Platforms = Debug|Mixed Platforms
		Debug|x86 = Debug|x86
		Release|Any CPU = Release|Any CPU
		Release|Mixed Platforms = Release|Mixed Platforms
		Release|x86 = Release|x86
	EndGlobalSection
	GlobalSection(ProjectConfigurationPlatforms) = postSolution
		{722B8A8A-D626-446B-850D-CE8BCDE316F7}.Debug|Any CPU.ActiveCfg = Debug|Any CPU
		{722B8A8A-D626-446B-850D-CE8BCDE316F7}.Debug|Any CPU.Build.0 = Debug|Any CPU
		{722B8A8A-D626-446B-850D-CE8BCDE316F7}.Debug|Mixed Platforms.ActiveCfg = Debug|Any CPU
		{722B8A8A-D626-446B-850D-CE8BCDE316F7}.Debug|Mixed Platforms.Build.0 = Debug|Any CPU
		{722B8A8A-D626-446B-850D-CE8BCDE316F7}.Debug|x86.ActiveCfg = Debug|Any CPU
		{722B8A8A-D626-446B-850D-CE8BCDE316F7}.Release|Any CPU.ActiveCfg = Release|Any CPU
		{722B8A8A-D626-446B-850D-CE8BCDE316F7}.Release|Any CPU.Build.0 = Release|Any CPU
		{722B8A8A-D626-446B-850D-CE8BCDE316F7}.Release|Mixed Platforms.ActiveCfg = Release|Any CPU
		{722B8A8A-D626-446B-850D-CE8BCDE316F7}.Release|Mixed Platforms.Build.0 = Release|Any CPU
		{722B8A8A-D626-446B-850D-CE8BCDE316F7}.Release|x86.ActiveCfg = Release|Any CPU
		{27EB3AF5-934D-4BE1-8948-652DA0616E96}.Debug|Any CPU.ActiveCfg = Debug|Any CPU
		{27EB3AF5-934D-4BE1-8948-652DA0616E96}.Debug|Any CPU.Build.0 = Debug|Any CPU
		{27EB3AF5-934D-4BE1-8948-652DA0616E96}.Debug|Mixed Platforms.ActiveCfg = Debug|Any CPU
		{27EB3AF5-934D-4BE1-8948-652DA0616E96}.Debug|Mixed Platforms.Build.0 = Debug|Any CPU
		{27EB3AF5-934D-4BE1-8948-652DA0616E96}.Debug|x86.ActiveCfg = Debug|Any CPU
		{27EB3AF5-934D-4BE1-8948-652DA0616E96}.Release|Any CPU.ActiveCfg = Release|Any CPU
		{27EB3AF5-934D-4BE1-8948-652DA0616E96}.Release|Any CPU.Build.0 = Release|Any CPU
		{27EB3AF5-934D-4BE1-8948-652DA0616E96}.Release|Mixed Platforms.ActiveCfg = Release|Any CPU
		{27EB3AF5-934D-4BE1-8948-652DA0616E96}.Release|Mixed Platforms.Build.0 = Release|Any CPU
		{27EB3AF5-934D-4BE1-8948-652DA0616E96}.Release|x86.ActiveCfg = Release|Any CPU
		{E9FCEAE6-0FBD-4996-9CD1-ED5F7FB308D6}.Debug|Any CPU.ActiveCfg = Debug|Any CPU
		{E9FCEAE6-0FBD-4996-9CD1-ED5F7FB308D6}.Debug|Any CPU.Build.0 = Debug|Any CPU
		{E9FCEAE6-0FBD-4996-9CD1-ED5F7FB308D6}.Debug|Mixed Platforms.ActiveCfg = Debug|Any CPU
		{E9FCEAE6-0FBD-4996-9CD1-ED5F7FB308D6}.Debug|Mixed Platforms.Build.0 = Debug|Any CPU
		{E9FCEAE6-0FBD-4996-9CD1-ED5F7FB308D6}.Debug|x86.ActiveCfg = Debug|Any CPU
		{E9FCEAE6-0FBD-4996-9CD1-ED5F7FB308D6}.Release|Any CPU.ActiveCfg = Release|Any CPU
		{E9FCEAE6-0FBD-4996-9CD1-ED5F7FB308D6}.Release|Any CPU.Build.0 = Release|Any CPU
		{E9FCEAE6-0FBD-4996-9CD1-ED5F7FB308D6}.Release|Mixed Platforms.ActiveCfg = Release|Any CPU
		{E9FCEAE6-0FBD-4996-9CD1-ED5F7FB308D6}.Release|Mixed Platforms.Build.0 = Release|Any CPU
		{E9FCEAE6-0FBD-4996-9CD1-ED5F7FB308D6}.Release|x86.ActiveCfg = Release|Any CPU
		{0860B357-7363-41A5-AB98-AEEBE41AE767}.Debug|Any CPU.ActiveCfg = Debug|Any CPU
		{0860B357-7363-41A5-AB98-AEEBE41AE767}.Debug|Any CPU.Build.0 = Debug|Any CPU
		{0860B357-7363-41A5-AB98-AEEBE41AE767}.Debug|Mixed Platforms.ActiveCfg = Debug|Any CPU
		{0860B357-7363-41A5-AB98-AEEBE41AE767}.Debug|Mixed Platforms.Build.0 = Debug|Any CPU
		{0860B357-7363-41A5-AB98-AEEBE41AE767}.Debug|x86.ActiveCfg = Debug|Any CPU
		{0860B357-7363-41A5-AB98-AEEBE41AE767}.Release|Any CPU.ActiveCfg = Release|Any CPU
		{0860B357-7363-41A5-AB98-AEEBE41AE767}.Release|Any CPU.Build.0 = Release|Any CPU
		{0860B357-7363-41A5-AB98-AEEBE41AE767}.Release|Mixed Platforms.ActiveCfg = Release|Any CPU
		{0860B357-7363-41A5-AB98-AEEBE41AE767}.Release|Mixed Platforms.Build.0 = Release|Any CPU
		{0860B357-7363-41A5-AB98-AEEBE41AE767}.Release|x86.ActiveCfg = Release|Any CPU
		{5CC17914-08CB-4150-BDAF-DE201BBE7250}.Debug|Any CPU.ActiveCfg = Debug|Any CPU
		{5CC17914-08CB-4150-BDAF-DE201BBE7250}.Debug|Any CPU.Build.0 = Debug|Any CPU
		{5CC17914-08CB-4150-BDAF-DE201BBE7250}.Debug|Mixed Platforms.ActiveCfg = Debug|Any CPU
		{5CC17914-08CB-4150-BDAF-DE201BBE7250}.Debug|Mixed Platforms.Build.0 = Debug|Any CPU
		{5CC17914-08CB-4150-BDAF-DE201BBE7250}.Debug|x86.ActiveCfg = Debug|Any CPU
		{5CC17914-08CB-4150-BDAF-DE201BBE7250}.Release|Any CPU.ActiveCfg = Release|Any CPU
		{5CC17914-08CB-4150-BDAF-DE201BBE7250}.Release|Any CPU.Build.0 = Release|Any CPU
		{5CC17914-08CB-4150-BDAF-DE201BBE7250}.Release|Mixed Platforms.ActiveCfg = Release|Any CPU
		{5CC17914-08CB-4150-BDAF-DE201BBE7250}.Release|Mixed Platforms.Build.0 = Release|Any CPU
		{5CC17914-08CB-4150-BDAF-DE201BBE7250}.Release|x86.ActiveCfg = Release|Any CPU
		{CAE4CD8E-B025-4587-AACC-910ADB8E07E4}.Debug|Any CPU.ActiveCfg = Debug|Any CPU
		{CAE4CD8E-B025-4587-AACC-910ADB8E07E4}.Debug|Any CPU.Build.0 = Debug|Any CPU
		{CAE4CD8E-B025-4587-AACC-910ADB8E07E4}.Debug|Mixed Platforms.ActiveCfg = Debug|Any CPU
		{CAE4CD8E-B025-4587-AACC-910ADB8E07E4}.Debug|Mixed Platforms.Build.0 = Debug|Any CPU
		{CAE4CD8E-B025-4587-AACC-910ADB8E07E4}.Debug|x86.ActiveCfg = Debug|Any CPU
		{CAE4CD8E-B025-4587-AACC-910ADB8E07E4}.Release|Any CPU.ActiveCfg = Release|Any CPU
		{CAE4CD8E-B025-4587-AACC-910ADB8E07E4}.Release|Any CPU.Build.0 = Release|Any CPU
		{CAE4CD8E-B025-4587-AACC-910ADB8E07E4}.Release|Mixed Platforms.ActiveCfg = Release|Any CPU
		{CAE4CD8E-B025-4587-AACC-910ADB8E07E4}.Release|Mixed Platforms.Build.0 = Release|Any CPU
		{CAE4CD8E-B025-4587-AACC-910ADB8E07E4}.Release|x86.ActiveCfg = Release|Any CPU
		{7F1359C5-4E5B-4D1C-8933-37412ACEC213}.Debug|Any CPU.ActiveCfg = Debug|Any CPU
		{7F1359C5-4E5B-4D1C-8933-37412ACEC213}.Debug|Any CPU.Build.0 = Debug|Any CPU
		{7F1359C5-4E5B-4D1C-8933-37412ACEC213}.Debug|Mixed Platforms.ActiveCfg = Debug|Any CPU
		{7F1359C5-4E5B-4D1C-8933-37412ACEC213}.Debug|Mixed Platforms.Build.0 = Debug|Any CPU
		{7F1359C5-4E5B-4D1C-8933-37412ACEC213}.Debug|x86.ActiveCfg = Debug|Any CPU
		{7F1359C5-4E5B-4D1C-8933-37412ACEC213}.Release|Any CPU.ActiveCfg = Release|Any CPU
		{7F1359C5-4E5B-4D1C-8933-37412ACEC213}.Release|Any CPU.Build.0 = Release|Any CPU
		{7F1359C5-4E5B-4D1C-8933-37412ACEC213}.Release|Mixed Platforms.ActiveCfg = Release|Any CPU
		{7F1359C5-4E5B-4D1C-8933-37412ACEC213}.Release|Mixed Platforms.Build.0 = Release|Any CPU
		{7F1359C5-4E5B-4D1C-8933-37412ACEC213}.Release|x86.ActiveCfg = Release|Any CPU
		{1BFA345B-4FB1-4618-9BF3-6BD1C5B1BBB6}.Debug|Any CPU.ActiveCfg = Debug|Any CPU
		{1BFA345B-4FB1-4618-9BF3-6BD1C5B1BBB6}.Debug|Any CPU.Build.0 = Debug|Any CPU
		{1BFA345B-4FB1-4618-9BF3-6BD1C5B1BBB6}.Debug|Mixed Platforms.ActiveCfg = Debug|Any CPU
		{1BFA345B-4FB1-4618-9BF3-6BD1C5B1BBB6}.Debug|Mixed Platforms.Build.0 = Debug|Any CPU
		{1BFA345B-4FB1-4618-9BF3-6BD1C5B1BBB6}.Debug|x86.ActiveCfg = Debug|Any CPU
		{1BFA345B-4FB1-4618-9BF3-6BD1C5B1BBB6}.Release|Any CPU.ActiveCfg = Release|Any CPU
		{1BFA345B-4FB1-4618-9BF3-6BD1C5B1BBB6}.Release|Any CPU.Build.0 = Release|Any CPU
		{1BFA345B-4FB1-4618-9BF3-6BD1C5B1BBB6}.Release|Mixed Platforms.ActiveCfg = Release|Any CPU
		{1BFA345B-4FB1-4618-9BF3-6BD1C5B1BBB6}.Release|Mixed Platforms.Build.0 = Release|Any CPU
		{1BFA345B-4FB1-4618-9BF3-6BD1C5B1BBB6}.Release|x86.ActiveCfg = Release|Any CPU
		{F6DF85E7-0768-4855-B37D-2C35CA02B04A}.Debug|Any CPU.ActiveCfg = Debug|Any CPU
		{F6DF85E7-0768-4855-B37D-2C35CA02B04A}.Debug|Any CPU.Build.0 = Debug|Any CPU
		{F6DF85E7-0768-4855-B37D-2C35CA02B04A}.Debug|Mixed Platforms.ActiveCfg = Debug|Any CPU
		{F6DF85E7-0768-4855-B37D-2C35CA02B04A}.Debug|Mixed Platforms.Build.0 = Debug|Any CPU
		{F6DF85E7-0768-4855-B37D-2C35CA02B04A}.Debug|x86.ActiveCfg = Debug|Any CPU
		{F6DF85E7-0768-4855-B37D-2C35CA02B04A}.Release|Any CPU.ActiveCfg = Release|Any CPU
		{F6DF85E7-0768-4855-B37D-2C35CA02B04A}.Release|Any CPU.Build.0 = Release|Any CPU
		{F6DF85E7-0768-4855-B37D-2C35CA02B04A}.Release|Mixed Platforms.ActiveCfg = Release|Any CPU
		{F6DF85E7-0768-4855-B37D-2C35CA02B04A}.Release|Mixed Platforms.Build.0 = Release|Any CPU
		{F6DF85E7-0768-4855-B37D-2C35CA02B04A}.Release|x86.ActiveCfg = Release|Any CPU
		{0F6BBAA2-06C1-48AA-B09E-177355A9B93C}.Debug|Any CPU.ActiveCfg = Debug|Any CPU
		{0F6BBAA2-06C1-48AA-B09E-177355A9B93C}.Debug|Any CPU.Build.0 = Debug|Any CPU
		{0F6BBAA2-06C1-48AA-B09E-177355A9B93C}.Debug|Mixed Platforms.ActiveCfg = Debug|Any CPU
		{0F6BBAA2-06C1-48AA-B09E-177355A9B93C}.Debug|Mixed Platforms.Build.0 = Debug|Any CPU
		{0F6BBAA2-06C1-48AA-B09E-177355A9B93C}.Debug|x86.ActiveCfg = Debug|Any CPU
		{0F6BBAA2-06C1-48AA-B09E-177355A9B93C}.Release|Any CPU.ActiveCfg = Release|Any CPU
		{0F6BBAA2-06C1-48AA-B09E-177355A9B93C}.Release|Any CPU.Build.0 = Release|Any CPU
		{0F6BBAA2-06C1-48AA-B09E-177355A9B93C}.Release|Mixed Platforms.ActiveCfg = Release|Any CPU
		{0F6BBAA2-06C1-48AA-B09E-177355A9B93C}.Release|Mixed Platforms.Build.0 = Release|Any CPU
		{0F6BBAA2-06C1-48AA-B09E-177355A9B93C}.Release|x86.ActiveCfg = Release|Any CPU
		{EDD10FDC-EB5E-4B6B-98E3-5F2EC5CD7EF7}.Debug|Any CPU.ActiveCfg = Debug|x86
		{EDD10FDC-EB5E-4B6B-98E3-5F2EC5CD7EF7}.Debug|Mixed Platforms.ActiveCfg = Debug|x86
		{EDD10FDC-EB5E-4B6B-98E3-5F2EC5CD7EF7}.Debug|Mixed Platforms.Build.0 = Debug|x86
		{EDD10FDC-EB5E-4B6B-98E3-5F2EC5CD7EF7}.Debug|x86.ActiveCfg = Debug|x86
		{EDD10FDC-EB5E-4B6B-98E3-5F2EC5CD7EF7}.Debug|x86.Build.0 = Debug|x86
		{EDD10FDC-EB5E-4B6B-98E3-5F2EC5CD7EF7}.Release|Any CPU.ActiveCfg = Release|x86
		{EDD10FDC-EB5E-4B6B-98E3-5F2EC5CD7EF7}.Release|Mixed Platforms.ActiveCfg = Release|x86
		{EDD10FDC-EB5E-4B6B-98E3-5F2EC5CD7EF7}.Release|Mixed Platforms.Build.0 = Release|x86
		{EDD10FDC-EB5E-4B6B-98E3-5F2EC5CD7EF7}.Release|x86.ActiveCfg = Release|x86
		{EDD10FDC-EB5E-4B6B-98E3-5F2EC5CD7EF7}.Release|x86.Build.0 = Release|x86
		{E840E58D-ECBD-40DC-920A-49C3D2DF4ACD}.Debug|Any CPU.ActiveCfg = Debug|Any CPU
		{E840E58D-ECBD-40DC-920A-49C3D2DF4ACD}.Debug|Any CPU.Build.0 = Debug|Any CPU
		{E840E58D-ECBD-40DC-920A-49C3D2DF4ACD}.Debug|Mixed Platforms.ActiveCfg = Debug|Any CPU
		{E840E58D-ECBD-40DC-920A-49C3D2DF4ACD}.Debug|Mixed Platforms.Build.0 = Debug|Any CPU
		{E840E58D-ECBD-40DC-920A-49C3D2DF4ACD}.Debug|x86.ActiveCfg = Debug|Any CPU
		{E840E58D-ECBD-40DC-920A-49C3D2DF4ACD}.Release|Any CPU.ActiveCfg = Release|Any CPU
		{E840E58D-ECBD-40DC-920A-49C3D2DF4ACD}.Release|Any CPU.Build.0 = Release|Any CPU
		{E840E58D-ECBD-40DC-920A-49C3D2DF4ACD}.Release|Mixed Platforms.ActiveCfg = Release|Any CPU
		{E840E58D-ECBD-40DC-920A-49C3D2DF4ACD}.Release|Mixed Platforms.Build.0 = Release|Any CPU
		{E840E58D-ECBD-40DC-920A-49C3D2DF4ACD}.Release|x86.ActiveCfg = Release|Any CPU
		{71CDA2EB-DDD8-4AA2-B174-190DA32DC2CB}.Debug|Any CPU.ActiveCfg = Debug|Any CPU
		{71CDA2EB-DDD8-4AA2-B174-190DA32DC2CB}.Debug|Any CPU.Build.0 = Debug|Any CPU
		{71CDA2EB-DDD8-4AA2-B174-190DA32DC2CB}.Debug|Mixed Platforms.ActiveCfg = Debug|Any CPU
		{71CDA2EB-DDD8-4AA2-B174-190DA32DC2CB}.Debug|Mixed Platforms.Build.0 = Debug|Any CPU
		{71CDA2EB-DDD8-4AA2-B174-190DA32DC2CB}.Debug|x86.ActiveCfg = Debug|Any CPU
		{71CDA2EB-DDD8-4AA2-B174-190DA32DC2CB}.Release|Any CPU.ActiveCfg = Release|Any CPU
		{71CDA2EB-DDD8-4AA2-B174-190DA32DC2CB}.Release|Any CPU.Build.0 = Release|Any CPU
		{71CDA2EB-DDD8-4AA2-B174-190DA32DC2CB}.Release|Mixed Platforms.ActiveCfg = Release|Any CPU
		{71CDA2EB-DDD8-4AA2-B174-190DA32DC2CB}.Release|Mixed Platforms.Build.0 = Release|Any CPU
		{71CDA2EB-DDD8-4AA2-B174-190DA32DC2CB}.Release|x86.ActiveCfg = Release|Any CPU
		{A2896779-E83E-4B5D-B3D9-0BC5C3BD320C}.Debug|Any CPU.ActiveCfg = Debug|Any CPU
		{A2896779-E83E-4B5D-B3D9-0BC5C3BD320C}.Debug|Any CPU.Build.0 = Debug|Any CPU
		{A2896779-E83E-4B5D-B3D9-0BC5C3BD320C}.Debug|Mixed Platforms.ActiveCfg = Debug|Any CPU
		{A2896779-E83E-4B5D-B3D9-0BC5C3BD320C}.Debug|Mixed Platforms.Build.0 = Debug|Any CPU
		{A2896779-E83E-4B5D-B3D9-0BC5C3BD320C}.Debug|x86.ActiveCfg = Debug|Any CPU
		{A2896779-E83E-4B5D-B3D9-0BC5C3BD320C}.Release|Any CPU.ActiveCfg = Release|Any CPU
		{A2896779-E83E-4B5D-B3D9-0BC5C3BD320C}.Release|Any CPU.Build.0 = Release|Any CPU
		{A2896779-E83E-4B5D-B3D9-0BC5C3BD320C}.Release|Mixed Platforms.ActiveCfg = Release|Any CPU
		{A2896779-E83E-4B5D-B3D9-0BC5C3BD320C}.Release|Mixed Platforms.Build.0 = Release|Any CPU
		{A2896779-E83E-4B5D-B3D9-0BC5C3BD320C}.Release|x86.ActiveCfg = Release|Any CPU
		{1ED33598-A177-4F6F-997A-A3ECFEC34A65}.Debug|Any CPU.ActiveCfg = Debug|Any CPU
		{1ED33598-A177-4F6F-997A-A3ECFEC34A65}.Debug|Any CPU.Build.0 = Debug|Any CPU
		{1ED33598-A177-4F6F-997A-A3ECFEC34A65}.Debug|Mixed Platforms.ActiveCfg = Debug|Any CPU
		{1ED33598-A177-4F6F-997A-A3ECFEC34A65}.Debug|Mixed Platforms.Build.0 = Debug|Any CPU
		{1ED33598-A177-4F6F-997A-A3ECFEC34A65}.Debug|x86.ActiveCfg = Debug|Any CPU
		{1ED33598-A177-4F6F-997A-A3ECFEC34A65}.Release|Any CPU.ActiveCfg = Release|Any CPU
		{1ED33598-A177-4F6F-997A-A3ECFEC34A65}.Release|Any CPU.Build.0 = Release|Any CPU
		{1ED33598-A177-4F6F-997A-A3ECFEC34A65}.Release|Mixed Platforms.ActiveCfg = Release|Any CPU
		{1ED33598-A177-4F6F-997A-A3ECFEC34A65}.Release|Mixed Platforms.Build.0 = Release|Any CPU
		{1ED33598-A177-4F6F-997A-A3ECFEC34A65}.Release|x86.ActiveCfg = Release|Any CPU
		{3E1B6E14-CE6B-40B7-9132-EDF3186787FA}.Debug|Any CPU.ActiveCfg = Debug|Any CPU
		{3E1B6E14-CE6B-40B7-9132-EDF3186787FA}.Debug|Any CPU.Build.0 = Debug|Any CPU
		{3E1B6E14-CE6B-40B7-9132-EDF3186787FA}.Debug|Mixed Platforms.ActiveCfg = Debug|Any CPU
		{3E1B6E14-CE6B-40B7-9132-EDF3186787FA}.Debug|Mixed Platforms.Build.0 = Debug|Any CPU
		{3E1B6E14-CE6B-40B7-9132-EDF3186787FA}.Debug|x86.ActiveCfg = Debug|Any CPU
		{3E1B6E14-CE6B-40B7-9132-EDF3186787FA}.Release|Any CPU.ActiveCfg = Release|Any CPU
		{3E1B6E14-CE6B-40B7-9132-EDF3186787FA}.Release|Any CPU.Build.0 = Release|Any CPU
		{3E1B6E14-CE6B-40B7-9132-EDF3186787FA}.Release|Mixed Platforms.ActiveCfg = Release|Any CPU
		{3E1B6E14-CE6B-40B7-9132-EDF3186787FA}.Release|Mixed Platforms.Build.0 = Release|Any CPU
		{3E1B6E14-CE6B-40B7-9132-EDF3186787FA}.Release|x86.ActiveCfg = Release|Any CPU
	EndGlobalSection
	GlobalSection(SolutionProperties) = preSolution
		HideSolutionNode = FALSE
	EndGlobalSection
	GlobalSection(Borland Source Code Provider) = preSolution
		IsAssociated = True
	EndGlobalSection
EndGlobal
