
Microsoft Visual Studio Solution File, Format Version 12.00
# Visual Studio 2012
Project("{E24C65DC-7377-472B-9ABA-BC803B73C61A}") = "GTS.Clock.Presentaion.Forms", "..\GTS.Clock.Presentaion.Forms", "{6C67076E-555A-4891-BA42-65488637B0EF}"
	ProjectSection(WebsiteProperties) = preProject
		SccProjectName = "SAK"
		SccAuxPath = "SAK"
		SccLocalPath = "SAK"
		SccProvider = "SAK"
		TargetFrameworkMoniker = ".NETFramework,Version%3Dv4.0"
		ProjectReferences = "{1bfa345b-4fb1-4618-9bf3-6bd1c5b1bbb6}|GTS.Clock.Model.dll;{e9fceae6-0fbd-4996-9cd1-ed5f7fb308d6}|GTS.Clock.Infrastructure.dll;{722b8a8a-d626-446b-850d-ce8bcde316f7}|GTS.Clock.Infrastructure.Repository.dll;{5788c982-1c90-401a-9f8b-32f2b19b5ff4}|GTS.Clock.Business.dll;{6bf2152b-1475-4230-bedf-7e2bdd65bb93}|ComponentArt.Web.UI.dll;{149962d5-fb9a-4b4c-a576-02f3184ce510}|Ajax.dll;{CAE4CD8E-B025-4587-AACC-910ADB8E07E4}|GTS.Clock.Infrastructure.Report.dll;"
		Debug.AspNetCompiler.VirtualPath = "/GTS.Clock.Presentaion.Forms"
		Debug.AspNetCompiler.PhysicalPath = "..\GTS.Clock.Presentaion.Forms\"
		Debug.AspNetCompiler.TargetPath = "PrecompiledWeb\GTS.Clock.Presentaion.Forms\"
		Debug.AspNetCompiler.Updateable = "true"
		Debug.AspNetCompiler.ForceOverwrite = "true"
		Debug.AspNetCompiler.FixedNames = "false"
		Debug.AspNetCompiler.Debug = "True"
		Release.AspNetCompiler.VirtualPath = "/GTS.Clock.Presentaion.Forms"
		Release.AspNetCompiler.PhysicalPath = "..\GTS.Clock.Presentaion.Forms\"
		Release.AspNetCompiler.TargetPath = "PrecompiledWeb\GTS.Clock.Presentaion.Forms\"
		Release.AspNetCompiler.Updateable = "true"
		Release.AspNetCompiler.ForceOverwrite = "true"
		Release.AspNetCompiler.FixedNames = "false"
		Release.AspNetCompiler.Debug = "False"
		VWDPort = "6388"
	EndProjectSection
EndProject
Project("{FAE04EC0-301F-11D3-BF4B-00C04F79EFBC}") = "ComponentArt.Web.UI", "..\ComponentArt\ComponentArt.Web.UI\3.5\ComponentArt.Web.UI.csproj", "{6BF2152B-1475-4230-BEDF-7E2BDD65BB93}"
EndProject
Project("{FAE04EC0-301F-11D3-BF4B-00C04F79EFBC}") = "GTS.Clock.Model", "..\GTS.Clock.Model\GTS.Clock.Model.csproj", "{1BFA345B-4FB1-4618-9BF3-6BD1C5B1BBB6}"
EndProject
Project("{FAE04EC0-301F-11D3-BF4B-00C04F79EFBC}") = "GTS.Clock.Infrastructure", "..\GTS.Clock.Infrastructure\GTS.Clock.Infrastructure.csproj", "{E9FCEAE6-0FBD-4996-9CD1-ED5F7FB308D6}"
EndProject
Project("{FAE04EC0-301F-11D3-BF4B-00C04F79EFBC}") = "GTS.Clock.Infrastructure.Repository", "..\GTS.Clock.Infrastructure.Repository\GTS.Clock.Infrastructure.Repository.csproj", "{722B8A8A-D626-446B-850D-CE8BCDE316F7}"
EndProject
Project("{FAE04EC0-301F-11D3-BF4B-00C04F79EFBC}") = "GTS.Clock.Business", "..\GTS.Clock.Business\GTS.Clock.Business.csproj", "{5788C982-1C90-401A-9F8B-32F2B19B5FF4}"
EndProject
Project("{FAE04EC0-301F-11D3-BF4B-00C04F79EFBC}") = "GTS.Clock.Infrastructure.Report", "..\GTS.Clock.Infrastructure.Report\GTS.Clock.Infrastructure.Report.csproj", "{CAE4CD8E-B025-4587-AACC-910ADB8E07E4}"
EndProject
Project("{FAE04EC0-301F-11D3-BF4B-00C04F79EFBC}") = "GTS.Clock.AppService.Host", "..\GTS.Clock.AppService.Host\GTS.Clock.AppService.Host.csproj", "{27EB3AF5-934D-4BE1-8948-652DA0616E96}"
EndProject
Project("{FAE04EC0-301F-11D3-BF4B-00C04F79EFBC}") = "Ajax", "..\Ajax\Ajax.csproj", "{149962D5-FB9A-4B4C-A576-02F3184CE510}"
EndProject
Project("{FAE04EC0-301F-11D3-BF4B-00C04F79EFBC}") = "GTS.Clock.Business.Engine", "..\GTS.Clock.Business.Engine\GTS.Clock.Business.Engine.csproj", "{5CC17914-08CB-4150-BDAF-DE201BBE7250}"
EndProject
Project("{FAE04EC0-301F-11D3-BF4B-00C04F79EFBC}") = "GTS.Clock.Business.TrafficMapping", "..\GTS.Clock.Business.TrafficMapping\GTS.Clock.Business.TrafficMapping.csproj", "{0860B357-7363-41A5-AB98-AEEBE41AE767}"
EndProject
Project("{FAE04EC0-301F-11D3-BF4B-00C04F79EFBC}") = "GTS.Clock.Business.GeneralCalculator", "..\GTS.Clock.Business.GeneralCalculator\GTS.Clock.Business.GeneralCalculator.csproj", "{E840E58D-ECBD-40DC-920A-49C3D2DF4ACD}"
EndProject
Project("{FAE04EC0-301F-11D3-BF4B-00C04F79EFBC}") = "GTS.Clock.Business.Calculator", "..\GTS.Clock.Business.Calculator\GTS.Clock.Business.Calculator.csproj", "{3E1B6E14-CE6B-40B7-9132-EDF3186787FA}"
EndProject
Global
	GlobalSection(TeamFoundationVersionControl) = preSolution
		SccNumberOfProjects = 14
		SccEnterpriseProvider = {4CA58AB2-18FA-4F8D-95D4-32DDF27D184C}
		SccTeamFoundationServer = http://payervand-pc:8080/tfs/gtscollection
		SccLocalPath0 = .
		SccProjectUniqueName1 = ..\\GTS.Clock.Model\\GTS.Clock.Model.csproj
		SccProjectName1 = ../GTS.Clock.Model
		SccLocalPath1 = ..\\GTS.Clock.Model
		SccProjectUniqueName2 = ..\\GTS.Clock.Infrastructure\\GTS.Clock.Infrastructure.csproj
		SccProjectName2 = ../GTS.Clock.Infrastructure
		SccLocalPath2 = ..\\GTS.Clock.Infrastructure
		SccProjectUniqueName3 = ..\\GTS.Clock.Infrastructure.Repository\\GTS.Clock.Infrastructure.Repository.csproj
		SccProjectName3 = ../GTS.Clock.Infrastructure.Repository
		SccLocalPath3 = ..\\GTS.Clock.Infrastructure.Repository
		SccProjectUniqueName4 = ..\\GTS.Clock.Business\\GTS.Clock.Business.csproj
		SccProjectName4 = ../GTS.Clock.Business
		SccLocalPath4 = ..\\GTS.Clock.Business
		SccProjectUniqueName5 = ..\\ComponentArt\\ComponentArt.Web.UI\\3.5\\ComponentArt.Web.UI.csproj
		SccProjectName5 = ../ComponentArt/ComponentArt.Web.UI/3.5
		SccLocalPath5 = ..\\ComponentArt\\ComponentArt.Web.UI\\3.5
		SccProjectUniqueName6 = ..\\GTS.Clock.Infrastructure.Report\\GTS.Clock.Infrastructure.Report.csproj
		SccProjectName6 = ../GTS.Clock.Infrastructure.Report
		SccLocalPath6 = ..\\GTS.Clock.Infrastructure.Report
		SccProjectUniqueName7 = ..\\GTS.Clock.AppService.Host\\GTS.Clock.AppService.Host.csproj
		SccProjectName7 = ../GTS.Clock.AppService.Host
		SccLocalPath7 = ..\\GTS.Clock.AppService.Host
		SccProjectUniqueName8 = ..\\GTS.Clock.Business.Engine\\GTS.Clock.Business.Engine.csproj
		SccProjectName8 = ../GTS.Clock.Business.Engine
		SccLocalPath8 = ..\\GTS.Clock.Business.Engine
		SccProjectUniqueName9 = ..\\GTS.Clock.Business.TrafficMapping\\GTS.Clock.Business.TrafficMapping.csproj
		SccProjectName9 = ../GTS.Clock.Business.TrafficMapping
		SccLocalPath9 = ..\\GTS.Clock.Business.TrafficMapping
		SccProjectUniqueName10 = ..\\Ajax\\Ajax.csproj
		SccProjectName10 = ../Ajax
		SccLocalPath10 = ..\\Ajax
		SccProjectUniqueName11 = ..\\GTS.Clock.Business.GeneralCalculator\\GTS.Clock.Business.GeneralCalculator.csproj
		SccProjectName11 = ../GTS.Clock.Business.GeneralCalculator
		SccLocalPath11 = ..\\GTS.Clock.Business.GeneralCalculator
		SccProjectUniqueName12 = ..\\GTS.Clock.Business.Calculator\\GTS.Clock.Business.Calculator.csproj
		SccProjectName12 = ../GTS.Clock.Business.Calculator
		SccLocalPath12 = ..\\GTS.Clock.Business.Calculator
		SccWebProject13 = true
		SccProjectUniqueName13 = .
		SccLocalPath13 = .
		SccProjectEnlistmentChoice13 = 2
	EndGlobalSection
	GlobalSection(SolutionConfigurationPlatforms) = preSolution
		AspNet2|Any CPU = AspNet2|Any CPU
		ASPNET35|Any CPU = ASPNET35|Any CPU
		ASPNET4|Any CPU = ASPNET4|Any CPU
		Atlas|Any CPU = Atlas|Any CPU
		Debug|Any CPU = Debug|Any CPU
		MVC|Any CPU = MVC|Any CPU
		Release|Any CPU = Release|Any CPU
	EndGlobalSection
	GlobalSection(ProjectConfigurationPlatforms) = postSolution
		{6C67076E-555A-4891-BA42-65488637B0EF}.AspNet2|Any CPU.ActiveCfg = Debug|Any CPU
		{6C67076E-555A-4891-BA42-65488637B0EF}.AspNet2|Any CPU.Build.0 = Debug|Any CPU
		{6C67076E-555A-4891-BA42-65488637B0EF}.ASPNET35|Any CPU.ActiveCfg = Debug|Any CPU
		{6C67076E-555A-4891-BA42-65488637B0EF}.ASPNET35|Any CPU.Build.0 = Debug|Any CPU
		{6C67076E-555A-4891-BA42-65488637B0EF}.ASPNET4|Any CPU.ActiveCfg = Debug|Any CPU
		{6C67076E-555A-4891-BA42-65488637B0EF}.ASPNET4|Any CPU.Build.0 = Debug|Any CPU
		{6C67076E-555A-4891-BA42-65488637B0EF}.Atlas|Any CPU.ActiveCfg = Debug|Any CPU
		{6C67076E-555A-4891-BA42-65488637B0EF}.Atlas|Any CPU.Build.0 = Debug|Any CPU
		{6C67076E-555A-4891-BA42-65488637B0EF}.Debug|Any CPU.ActiveCfg = Debug|Any CPU
		{6C67076E-555A-4891-BA42-65488637B0EF}.Debug|Any CPU.Build.0 = Debug|Any CPU
		{6C67076E-555A-4891-BA42-65488637B0EF}.MVC|Any CPU.ActiveCfg = Debug|Any CPU
		{6C67076E-555A-4891-BA42-65488637B0EF}.MVC|Any CPU.Build.0 = Debug|Any CPU
		{6C67076E-555A-4891-BA42-65488637B0EF}.Release|Any CPU.ActiveCfg = Debug|Any CPU
		{6C67076E-555A-4891-BA42-65488637B0EF}.Release|Any CPU.Build.0 = Debug|Any CPU
		{6BF2152B-1475-4230-BEDF-7E2BDD65BB93}.AspNet2|Any CPU.ActiveCfg = AspNet2|Any CPU
		{6BF2152B-1475-4230-BEDF-7E2BDD65BB93}.AspNet2|Any CPU.Build.0 = AspNet2|Any CPU
		{6BF2152B-1475-4230-BEDF-7E2BDD65BB93}.ASPNET35|Any CPU.ActiveCfg = ASPNET35|Any CPU
		{6BF2152B-1475-4230-BEDF-7E2BDD65BB93}.ASPNET35|Any CPU.Build.0 = ASPNET35|Any CPU
		{6BF2152B-1475-4230-BEDF-7E2BDD65BB93}.ASPNET4|Any CPU.ActiveCfg = ASPNET4|Any CPU
		{6BF2152B-1475-4230-BEDF-7E2BDD65BB93}.ASPNET4|Any CPU.Build.0 = ASPNET4|Any CPU
		{6BF2152B-1475-4230-BEDF-7E2BDD65BB93}.Atlas|Any CPU.ActiveCfg = Atlas|Any CPU
		{6BF2152B-1475-4230-BEDF-7E2BDD65BB93}.Atlas|Any CPU.Build.0 = Atlas|Any CPU
		{6BF2152B-1475-4230-BEDF-7E2BDD65BB93}.Debug|Any CPU.ActiveCfg = Debug|Any CPU
		{6BF2152B-1475-4230-BEDF-7E2BDD65BB93}.Debug|Any CPU.Build.0 = Debug|Any CPU
		{6BF2152B-1475-4230-BEDF-7E2BDD65BB93}.MVC|Any CPU.ActiveCfg = MVC|Any CPU
		{6BF2152B-1475-4230-BEDF-7E2BDD65BB93}.MVC|Any CPU.Build.0 = MVC|Any CPU
		{6BF2152B-1475-4230-BEDF-7E2BDD65BB93}.Release|Any CPU.ActiveCfg = Release|Any CPU
		{6BF2152B-1475-4230-BEDF-7E2BDD65BB93}.Release|Any CPU.Build.0 = Release|Any CPU
		{1BFA345B-4FB1-4618-9BF3-6BD1C5B1BBB6}.AspNet2|Any CPU.ActiveCfg = Release|Any CPU
		{1BFA345B-4FB1-4618-9BF3-6BD1C5B1BBB6}.AspNet2|Any CPU.Build.0 = Release|Any CPU
		{1BFA345B-4FB1-4618-9BF3-6BD1C5B1BBB6}.ASPNET35|Any CPU.ActiveCfg = Release|Any CPU
		{1BFA345B-4FB1-4618-9BF3-6BD1C5B1BBB6}.ASPNET35|Any CPU.Build.0 = Release|Any CPU
		{1BFA345B-4FB1-4618-9BF3-6BD1C5B1BBB6}.ASPNET4|Any CPU.ActiveCfg = Release|Any CPU
		{1BFA345B-4FB1-4618-9BF3-6BD1C5B1BBB6}.ASPNET4|Any CPU.Build.0 = Release|Any CPU
		{1BFA345B-4FB1-4618-9BF3-6BD1C5B1BBB6}.Atlas|Any CPU.ActiveCfg = Release|Any CPU
		{1BFA345B-4FB1-4618-9BF3-6BD1C5B1BBB6}.Atlas|Any CPU.Build.0 = Release|Any CPU
		{1BFA345B-4FB1-4618-9BF3-6BD1C5B1BBB6}.Debug|Any CPU.ActiveCfg = Debug|Any CPU
		{1BFA345B-4FB1-4618-9BF3-6BD1C5B1BBB6}.Debug|Any CPU.Build.0 = Debug|Any CPU
		{1BFA345B-4FB1-4618-9BF3-6BD1C5B1BBB6}.MVC|Any CPU.ActiveCfg = Release|Any CPU
		{1BFA345B-4FB1-4618-9BF3-6BD1C5B1BBB6}.MVC|Any CPU.Build.0 = Release|Any CPU
		{1BFA345B-4FB1-4618-9BF3-6BD1C5B1BBB6}.Release|Any CPU.ActiveCfg = Release|Any CPU
		{1BFA345B-4FB1-4618-9BF3-6BD1C5B1BBB6}.Release|Any CPU.Build.0 = Release|Any CPU
		{E9FCEAE6-0FBD-4996-9CD1-ED5F7FB308D6}.AspNet2|Any CPU.ActiveCfg = Release|Any CPU
		{E9FCEAE6-0FBD-4996-9CD1-ED5F7FB308D6}.AspNet2|Any CPU.Build.0 = Release|Any CPU
		{E9FCEAE6-0FBD-4996-9CD1-ED5F7FB308D6}.ASPNET35|Any CPU.ActiveCfg = Release|Any CPU
		{E9FCEAE6-0FBD-4996-9CD1-ED5F7FB308D6}.ASPNET35|Any CPU.Build.0 = Release|Any CPU
		{E9FCEAE6-0FBD-4996-9CD1-ED5F7FB308D6}.ASPNET4|Any CPU.ActiveCfg = Release|Any CPU
		{E9FCEAE6-0FBD-4996-9CD1-ED5F7FB308D6}.ASPNET4|Any CPU.Build.0 = Release|Any CPU
		{E9FCEAE6-0FBD-4996-9CD1-ED5F7FB308D6}.Atlas|Any CPU.ActiveCfg = Release|Any CPU
		{E9FCEAE6-0FBD-4996-9CD1-ED5F7FB308D6}.Atlas|Any CPU.Build.0 = Release|Any CPU
		{E9FCEAE6-0FBD-4996-9CD1-ED5F7FB308D6}.Debug|Any CPU.ActiveCfg = Debug|Any CPU
		{E9FCEAE6-0FBD-4996-9CD1-ED5F7FB308D6}.Debug|Any CPU.Build.0 = Debug|Any CPU
		{E9FCEAE6-0FBD-4996-9CD1-ED5F7FB308D6}.MVC|Any CPU.ActiveCfg = Release|Any CPU
		{E9FCEAE6-0FBD-4996-9CD1-ED5F7FB308D6}.MVC|Any CPU.Build.0 = Release|Any CPU
		{E9FCEAE6-0FBD-4996-9CD1-ED5F7FB308D6}.Release|Any CPU.ActiveCfg = Release|Any CPU
		{E9FCEAE6-0FBD-4996-9CD1-ED5F7FB308D6}.Release|Any CPU.Build.0 = Release|Any CPU
		{722B8A8A-D626-446B-850D-CE8BCDE316F7}.AspNet2|Any CPU.ActiveCfg = Release|Any CPU
		{722B8A8A-D626-446B-850D-CE8BCDE316F7}.AspNet2|Any CPU.Build.0 = Release|Any CPU
		{722B8A8A-D626-446B-850D-CE8BCDE316F7}.ASPNET35|Any CPU.ActiveCfg = Release|Any CPU
		{722B8A8A-D626-446B-850D-CE8BCDE316F7}.ASPNET35|Any CPU.Build.0 = Release|Any CPU
		{722B8A8A-D626-446B-850D-CE8BCDE316F7}.ASPNET4|Any CPU.ActiveCfg = Release|Any CPU
		{722B8A8A-D626-446B-850D-CE8BCDE316F7}.ASPNET4|Any CPU.Build.0 = Release|Any CPU
		{722B8A8A-D626-446B-850D-CE8BCDE316F7}.Atlas|Any CPU.ActiveCfg = Release|Any CPU
		{722B8A8A-D626-446B-850D-CE8BCDE316F7}.Atlas|Any CPU.Build.0 = Release|Any CPU
		{722B8A8A-D626-446B-850D-CE8BCDE316F7}.Debug|Any CPU.ActiveCfg = Debug|Any CPU
		{722B8A8A-D626-446B-850D-CE8BCDE316F7}.Debug|Any CPU.Build.0 = Debug|Any CPU
		{722B8A8A-D626-446B-850D-CE8BCDE316F7}.MVC|Any CPU.ActiveCfg = Release|Any CPU
		{722B8A8A-D626-446B-850D-CE8BCDE316F7}.MVC|Any CPU.Build.0 = Release|Any CPU
		{722B8A8A-D626-446B-850D-CE8BCDE316F7}.Release|Any CPU.ActiveCfg = Release|Any CPU
		{722B8A8A-D626-446B-850D-CE8BCDE316F7}.Release|Any CPU.Build.0 = Release|Any CPU
		{5788C982-1C90-401A-9F8B-32F2B19B5FF4}.AspNet2|Any CPU.ActiveCfg = Release|Any CPU
		{5788C982-1C90-401A-9F8B-32F2B19B5FF4}.AspNet2|Any CPU.Build.0 = Release|Any CPU
		{5788C982-1C90-401A-9F8B-32F2B19B5FF4}.ASPNET35|Any CPU.ActiveCfg = Release|Any CPU
		{5788C982-1C90-401A-9F8B-32F2B19B5FF4}.ASPNET35|Any CPU.Build.0 = Release|Any CPU
		{5788C982-1C90-401A-9F8B-32F2B19B5FF4}.ASPNET4|Any CPU.ActiveCfg = Release|Any CPU
		{5788C982-1C90-401A-9F8B-32F2B19B5FF4}.ASPNET4|Any CPU.Build.0 = Release|Any CPU
		{5788C982-1C90-401A-9F8B-32F2B19B5FF4}.Atlas|Any CPU.ActiveCfg = Release|Any CPU
		{5788C982-1C90-401A-9F8B-32F2B19B5FF4}.Atlas|Any CPU.Build.0 = Release|Any CPU
		{5788C982-1C90-401A-9F8B-32F2B19B5FF4}.Debug|Any CPU.ActiveCfg = Debug|Any CPU
		{5788C982-1C90-401A-9F8B-32F2B19B5FF4}.Debug|Any CPU.Build.0 = Debug|Any CPU
		{5788C982-1C90-401A-9F8B-32F2B19B5FF4}.MVC|Any CPU.ActiveCfg = Release|Any CPU
		{5788C982-1C90-401A-9F8B-32F2B19B5FF4}.MVC|Any CPU.Build.0 = Release|Any CPU
		{5788C982-1C90-401A-9F8B-32F2B19B5FF4}.Release|Any CPU.ActiveCfg = Release|Any CPU
		{5788C982-1C90-401A-9F8B-32F2B19B5FF4}.Release|Any CPU.Build.0 = Release|Any CPU
		{CAE4CD8E-B025-4587-AACC-910ADB8E07E4}.AspNet2|Any CPU.ActiveCfg = Release|Any CPU
		{CAE4CD8E-B025-4587-AACC-910ADB8E07E4}.AspNet2|Any CPU.Build.0 = Release|Any CPU
		{CAE4CD8E-B025-4587-AACC-910ADB8E07E4}.ASPNET35|Any CPU.ActiveCfg = Release|Any CPU
		{CAE4CD8E-B025-4587-AACC-910ADB8E07E4}.ASPNET35|Any CPU.Build.0 = Release|Any CPU
		{CAE4CD8E-B025-4587-AACC-910ADB8E07E4}.ASPNET4|Any CPU.ActiveCfg = Release|Any CPU
		{CAE4CD8E-B025-4587-AACC-910ADB8E07E4}.ASPNET4|Any CPU.Build.0 = Release|Any CPU
		{CAE4CD8E-B025-4587-AACC-910ADB8E07E4}.Atlas|Any CPU.ActiveCfg = Release|Any CPU
		{CAE4CD8E-B025-4587-AACC-910ADB8E07E4}.Atlas|Any CPU.Build.0 = Release|Any CPU
		{CAE4CD8E-B025-4587-AACC-910ADB8E07E4}.Debug|Any CPU.ActiveCfg = Debug|Any CPU
		{CAE4CD8E-B025-4587-AACC-910ADB8E07E4}.Debug|Any CPU.Build.0 = Debug|Any CPU
		{CAE4CD8E-B025-4587-AACC-910ADB8E07E4}.MVC|Any CPU.ActiveCfg = Release|Any CPU
		{CAE4CD8E-B025-4587-AACC-910ADB8E07E4}.MVC|Any CPU.Build.0 = Release|Any CPU
		{CAE4CD8E-B025-4587-AACC-910ADB8E07E4}.Release|Any CPU.ActiveCfg = Release|Any CPU
		{CAE4CD8E-B025-4587-AACC-910ADB8E07E4}.Release|Any CPU.Build.0 = Release|Any CPU
		{27EB3AF5-934D-4BE1-8948-652DA0616E96}.AspNet2|Any CPU.ActiveCfg = Release|Any CPU
		{27EB3AF5-934D-4BE1-8948-652DA0616E96}.AspNet2|Any CPU.Build.0 = Release|Any CPU
		{27EB3AF5-934D-4BE1-8948-652DA0616E96}.ASPNET35|Any CPU.ActiveCfg = Release|Any CPU
		{27EB3AF5-934D-4BE1-8948-652DA0616E96}.ASPNET35|Any CPU.Build.0 = Release|Any CPU
		{27EB3AF5-934D-4BE1-8948-652DA0616E96}.ASPNET4|Any CPU.ActiveCfg = Release|Any CPU
		{27EB3AF5-934D-4BE1-8948-652DA0616E96}.ASPNET4|Any CPU.Build.0 = Release|Any CPU
		{27EB3AF5-934D-4BE1-8948-652DA0616E96}.Atlas|Any CPU.ActiveCfg = Release|Any CPU
		{27EB3AF5-934D-4BE1-8948-652DA0616E96}.Atlas|Any CPU.Build.0 = Release|Any CPU
		{27EB3AF5-934D-4BE1-8948-652DA0616E96}.Debug|Any CPU.ActiveCfg = Debug|Any CPU
		{27EB3AF5-934D-4BE1-8948-652DA0616E96}.Debug|Any CPU.Build.0 = Debug|Any CPU
		{27EB3AF5-934D-4BE1-8948-652DA0616E96}.MVC|Any CPU.ActiveCfg = Release|Any CPU
		{27EB3AF5-934D-4BE1-8948-652DA0616E96}.MVC|Any CPU.Build.0 = Release|Any CPU
		{27EB3AF5-934D-4BE1-8948-652DA0616E96}.Release|Any CPU.ActiveCfg = Release|Any CPU
		{27EB3AF5-934D-4BE1-8948-652DA0616E96}.Release|Any CPU.Build.0 = Release|Any CPU
		{149962D5-FB9A-4B4C-A576-02F3184CE510}.AspNet2|Any CPU.ActiveCfg = Release|Any CPU
		{149962D5-FB9A-4B4C-A576-02F3184CE510}.AspNet2|Any CPU.Build.0 = Release|Any CPU
		{149962D5-FB9A-4B4C-A576-02F3184CE510}.ASPNET35|Any CPU.ActiveCfg = Release|Any CPU
		{149962D5-FB9A-4B4C-A576-02F3184CE510}.ASPNET35|Any CPU.Build.0 = Release|Any CPU
		{149962D5-FB9A-4B4C-A576-02F3184CE510}.ASPNET4|Any CPU.ActiveCfg = Release|Any CPU
		{149962D5-FB9A-4B4C-A576-02F3184CE510}.ASPNET4|Any CPU.Build.0 = Release|Any CPU
		{149962D5-FB9A-4B4C-A576-02F3184CE510}.Atlas|Any CPU.ActiveCfg = Release|Any CPU
		{149962D5-FB9A-4B4C-A576-02F3184CE510}.Atlas|Any CPU.Build.0 = Release|Any CPU
		{149962D5-FB9A-4B4C-A576-02F3184CE510}.Debug|Any CPU.ActiveCfg = Debug|Any CPU
		{149962D5-FB9A-4B4C-A576-02F3184CE510}.Debug|Any CPU.Build.0 = Debug|Any CPU
		{149962D5-FB9A-4B4C-A576-02F3184CE510}.MVC|Any CPU.ActiveCfg = Release|Any CPU
		{149962D5-FB9A-4B4C-A576-02F3184CE510}.MVC|Any CPU.Build.0 = Release|Any CPU
		{149962D5-FB9A-4B4C-A576-02F3184CE510}.Release|Any CPU.ActiveCfg = Release|Any CPU
		{149962D5-FB9A-4B4C-A576-02F3184CE510}.Release|Any CPU.Build.0 = Release|Any CPU
		{5CC17914-08CB-4150-BDAF-DE201BBE7250}.AspNet2|Any CPU.ActiveCfg = Release|Any CPU
		{5CC17914-08CB-4150-BDAF-DE201BBE7250}.AspNet2|Any CPU.Build.0 = Release|Any CPU
		{5CC17914-08CB-4150-BDAF-DE201BBE7250}.ASPNET35|Any CPU.ActiveCfg = Release|Any CPU
		{5CC17914-08CB-4150-BDAF-DE201BBE7250}.ASPNET35|Any CPU.Build.0 = Release|Any CPU
		{5CC17914-08CB-4150-BDAF-DE201BBE7250}.ASPNET4|Any CPU.ActiveCfg = Release|Any CPU
		{5CC17914-08CB-4150-BDAF-DE201BBE7250}.ASPNET4|Any CPU.Build.0 = Release|Any CPU
		{5CC17914-08CB-4150-BDAF-DE201BBE7250}.Atlas|Any CPU.ActiveCfg = Release|Any CPU
		{5CC17914-08CB-4150-BDAF-DE201BBE7250}.Atlas|Any CPU.Build.0 = Release|Any CPU
		{5CC17914-08CB-4150-BDAF-DE201BBE7250}.Debug|Any CPU.ActiveCfg = Debug|Any CPU
		{5CC17914-08CB-4150-BDAF-DE201BBE7250}.Debug|Any CPU.Build.0 = Debug|Any CPU
		{5CC17914-08CB-4150-BDAF-DE201BBE7250}.MVC|Any CPU.ActiveCfg = Release|Any CPU
		{5CC17914-08CB-4150-BDAF-DE201BBE7250}.MVC|Any CPU.Build.0 = Release|Any CPU
		{5CC17914-08CB-4150-BDAF-DE201BBE7250}.Release|Any CPU.ActiveCfg = Release|Any CPU
		{5CC17914-08CB-4150-BDAF-DE201BBE7250}.Release|Any CPU.Build.0 = Release|Any CPU
		{0860B357-7363-41A5-AB98-AEEBE41AE767}.AspNet2|Any CPU.ActiveCfg = Release|Any CPU
		{0860B357-7363-41A5-AB98-AEEBE41AE767}.AspNet2|Any CPU.Build.0 = Release|Any CPU
		{0860B357-7363-41A5-AB98-AEEBE41AE767}.ASPNET35|Any CPU.ActiveCfg = Release|Any CPU
		{0860B357-7363-41A5-AB98-AEEBE41AE767}.ASPNET35|Any CPU.Build.0 = Release|Any CPU
		{0860B357-7363-41A5-AB98-AEEBE41AE767}.ASPNET4|Any CPU.ActiveCfg = Release|Any CPU
		{0860B357-7363-41A5-AB98-AEEBE41AE767}.ASPNET4|Any CPU.Build.0 = Release|Any CPU
		{0860B357-7363-41A5-AB98-AEEBE41AE767}.Atlas|Any CPU.ActiveCfg = Release|Any CPU
		{0860B357-7363-41A5-AB98-AEEBE41AE767}.Atlas|Any CPU.Build.0 = Release|Any CPU
		{0860B357-7363-41A5-AB98-AEEBE41AE767}.Debug|Any CPU.ActiveCfg = Debug|Any CPU
		{0860B357-7363-41A5-AB98-AEEBE41AE767}.Debug|Any CPU.Build.0 = Debug|Any CPU
		{0860B357-7363-41A5-AB98-AEEBE41AE767}.MVC|Any CPU.ActiveCfg = Release|Any CPU
		{0860B357-7363-41A5-AB98-AEEBE41AE767}.MVC|Any CPU.Build.0 = Release|Any CPU
		{0860B357-7363-41A5-AB98-AEEBE41AE767}.Release|Any CPU.ActiveCfg = Release|Any CPU
		{0860B357-7363-41A5-AB98-AEEBE41AE767}.Release|Any CPU.Build.0 = Release|Any CPU
		{E840E58D-ECBD-40DC-920A-49C3D2DF4ACD}.AspNet2|Any CPU.ActiveCfg = Release|Any CPU
		{E840E58D-ECBD-40DC-920A-49C3D2DF4ACD}.AspNet2|Any CPU.Build.0 = Release|Any CPU
		{E840E58D-ECBD-40DC-920A-49C3D2DF4ACD}.ASPNET35|Any CPU.ActiveCfg = Release|Any CPU
		{E840E58D-ECBD-40DC-920A-49C3D2DF4ACD}.ASPNET35|Any CPU.Build.0 = Release|Any CPU
		{E840E58D-ECBD-40DC-920A-49C3D2DF4ACD}.ASPNET4|Any CPU.ActiveCfg = Release|Any CPU
		{E840E58D-ECBD-40DC-920A-49C3D2DF4ACD}.ASPNET4|Any CPU.Build.0 = Release|Any CPU
		{E840E58D-ECBD-40DC-920A-49C3D2DF4ACD}.Atlas|Any CPU.ActiveCfg = Release|Any CPU
		{E840E58D-ECBD-40DC-920A-49C3D2DF4ACD}.Atlas|Any CPU.Build.0 = Release|Any CPU
		{E840E58D-ECBD-40DC-920A-49C3D2DF4ACD}.Debug|Any CPU.ActiveCfg = Debug|Any CPU
		{E840E58D-ECBD-40DC-920A-49C3D2DF4ACD}.Debug|Any CPU.Build.0 = Debug|Any CPU
		{E840E58D-ECBD-40DC-920A-49C3D2DF4ACD}.MVC|Any CPU.ActiveCfg = Release|Any CPU
		{E840E58D-ECBD-40DC-920A-49C3D2DF4ACD}.MVC|Any CPU.Build.0 = Release|Any CPU
		{E840E58D-ECBD-40DC-920A-49C3D2DF4ACD}.Release|Any CPU.ActiveCfg = Release|Any CPU
		{E840E58D-ECBD-40DC-920A-49C3D2DF4ACD}.Release|Any CPU.Build.0 = Release|Any CPU
		{3E1B6E14-CE6B-40B7-9132-EDF3186787FA}.AspNet2|Any CPU.ActiveCfg = Release|Any CPU
		{3E1B6E14-CE6B-40B7-9132-EDF3186787FA}.AspNet2|Any CPU.Build.0 = Release|Any CPU
		{3E1B6E14-CE6B-40B7-9132-EDF3186787FA}.ASPNET35|Any CPU.ActiveCfg = Release|Any CPU
		{3E1B6E14-CE6B-40B7-9132-EDF3186787FA}.ASPNET35|Any CPU.Build.0 = Release|Any CPU
		{3E1B6E14-CE6B-40B7-9132-EDF3186787FA}.ASPNET4|Any CPU.ActiveCfg = Release|Any CPU
		{3E1B6E14-CE6B-40B7-9132-EDF3186787FA}.ASPNET4|Any CPU.Build.0 = Release|Any CPU
		{3E1B6E14-CE6B-40B7-9132-EDF3186787FA}.Atlas|Any CPU.ActiveCfg = Release|Any CPU
		{3E1B6E14-CE6B-40B7-9132-EDF3186787FA}.Atlas|Any CPU.Build.0 = Release|Any CPU
		{3E1B6E14-CE6B-40B7-9132-EDF3186787FA}.Debug|Any CPU.ActiveCfg = Debug|Any CPU
		{3E1B6E14-CE6B-40B7-9132-EDF3186787FA}.Debug|Any CPU.Build.0 = Debug|Any CPU
		{3E1B6E14-CE6B-40B7-9132-EDF3186787FA}.MVC|Any CPU.ActiveCfg = Release|Any CPU
		{3E1B6E14-CE6B-40B7-9132-EDF3186787FA}.MVC|Any CPU.Build.0 = Release|Any CPU
		{3E1B6E14-CE6B-40B7-9132-EDF3186787FA}.Release|Any CPU.ActiveCfg = Release|Any CPU
		{3E1B6E14-CE6B-40B7-9132-EDF3186787FA}.Release|Any CPU.Build.0 = Release|Any CPU
	EndGlobalSection
	GlobalSection(SolutionProperties) = preSolution
		HideSolutionNode = FALSE
	EndGlobalSection
EndGlobal
